
Microsoft Visual Studio Solution File, Format Version 12.00
# Visual Studio Version 16
VisualStudioVersion = 16.0.31313.79
MinimumVisualStudioVersion = 10.0.40219.1
Project("{FAE04EC0-301F-11D3-BF4B-00C04F79EFBC}") = "CRUD-ASP.NET-TEST", "CRUD-ASP.NET-TEST\CRUD-ASP.NET-TEST.csproj", "{3C04C88A-AA6B-4A91-AE7B-BB7189B88C0F}"
EndProject
Global
	GlobalSection(SolutionConfigurationPlatforms) = preSolution
		Debug|Any CPU = Debug|Any CPU
		Release|Any CPU = Release|Any CPU
	EndGlobalSection
	GlobalSection(ProjectConfigurationPlatforms) = postSolution
		{3C04C88A-AA6B-4A91-AE7B-BB7189B88C0F}.Debug|Any CPU.ActiveCfg = Debug|Any CPU
		{3C04C88A-AA6B-4A91-AE7B-BB7189B88C0F}.Debug|Any CPU.Build.0 = Debug|Any CPU
		{3C04C88A-AA6B-4A91-AE7B-BB7189B88C0F}.Release|Any CPU.ActiveCfg = Release|Any CPU
		{3C04C88A-AA6B-4A91-AE7B-BB7189B88C0F}.Release|Any CPU.Build.0 = Release|Any CPU
	EndGlobalSection
	GlobalSection(SolutionProperties) = preSolution
		HideSolutionNode = FALSE
	EndGlobalSection
	GlobalSection(ExtensibilityGlobals) = postSolution
		SolutionGuid = {C9395966-037D-440D-8298-E8361BABE1B9}
	EndGlobalSection
EndGlobal
